
Microsoft Visual Studio Solution File, Format Version 12.00
# Visual Studio Version 16
VisualStudioVersion = 16.0.29709.97
MinimumVisualStudioVersion = 10.0.40219.1
Project("{9A19103F-16F7-4668-BE54-9A1E7A4F7556}") = "JUG.ConsoleUI", "JUG.ConsoleUI\JUG.ConsoleUI.csproj", "{197815B3-2094-4A19-912D-62B8C8D585E6}"
EndProject
Project("{9A19103F-16F7-4668-BE54-9A1E7A4F7556}") = "Services", "Services\Services.csproj", "{CFC75547-24F2-4FBF-AE28-68FDC7F404B7}"
EndProject
Project("{9A19103F-16F7-4668-BE54-9A1E7A4F7556}") = "Domain", "Domain\Domain.csproj", "{6A64B9D9-BEDC-43C4-AECC-E1D8B9C804E1}"
EndProject
Project("{9A19103F-16F7-4668-BE54-9A1E7A4F7556}") = "Data", "Data\Data.csproj", "{EA4B418E-2AB6-4A27-8D4F-7D1CB846B789}"
EndProject
Project("{9A19103F-16F7-4668-BE54-9A1E7A4F7556}") = "Tests.Services", "Tests.Services\Tests.Services.csproj", "{9C7FA3F6-E836-4AD2-955A-6CB89CE9E305}"
EndProject
Project("{9A19103F-16F7-4668-BE54-9A1E7A4F7556}") = "Tests.Data", "Tests.Data\Tests.Data.csproj", "{99187997-9FF8-43DB-97B5-B0B38EA6B3C5}"
EndProject
Project("{9A19103F-16F7-4668-BE54-9A1E7A4F7556}") = "Tests.Domain", "Tests.Domain\Tests.Domain.csproj", "{3A9FDBD8-9098-42E6-87A5-E86053C4E7A3}"
EndProject
Project("{9A19103F-16F7-4668-BE54-9A1E7A4F7556}") = "WebAPI", "WebAPI\WebAPI.csproj", "{034FE52A-3B6E-47E9-A8C7-AB8D046A7AB1}"
EndProject
Project("{9A19103F-16F7-4668-BE54-9A1E7A4F7556}") = "BlazorWeb", "BlazorWeb\BlazorWeb.csproj", "{25E6BCC2-7F74-47D0-9F20-8A1F5944E01B}"
EndProject
Global
	GlobalSection(SolutionConfigurationPlatforms) = preSolution
		Debug|Any CPU = Debug|Any CPU
		Release|Any CPU = Release|Any CPU
	EndGlobalSection
	GlobalSection(ProjectConfigurationPlatforms) = postSolution
		{197815B3-2094-4A19-912D-62B8C8D585E6}.Debug|Any CPU.ActiveCfg = Debug|Any CPU
		{197815B3-2094-4A19-912D-62B8C8D585E6}.Debug|Any CPU.Build.0 = Debug|Any CPU
		{197815B3-2094-4A19-912D-62B8C8D585E6}.Release|Any CPU.ActiveCfg = Release|Any CPU
		{197815B3-2094-4A19-912D-62B8C8D585E6}.Release|Any CPU.Build.0 = Release|Any CPU
		{CFC75547-24F2-4FBF-AE28-68FDC7F404B7}.Debug|Any CPU.ActiveCfg = Debug|Any CPU
		{CFC75547-24F2-4FBF-AE28-68FDC7F404B7}.Debug|Any CPU.Build.0 = Debug|Any CPU
		{CFC75547-24F2-4FBF-AE28-68FDC7F404B7}.Release|Any CPU.ActiveCfg = Release|Any CPU
		{CFC75547-24F2-4FBF-AE28-68FDC7F404B7}.Release|Any CPU.Build.0 = Release|Any CPU
		{6A64B9D9-BEDC-43C4-AECC-E1D8B9C804E1}.Debug|Any CPU.ActiveCfg = Debug|Any CPU
		{6A64B9D9-BEDC-43C4-AECC-E1D8B9C804E1}.Debug|Any CPU.Build.0 = Debug|Any CPU
		{6A64B9D9-BEDC-43C4-AECC-E1D8B9C804E1}.Release|Any CPU.ActiveCfg = Release|Any CPU
		{6A64B9D9-BEDC-43C4-AECC-E1D8B9C804E1}.Release|Any CPU.Build.0 = Release|Any CPU
		{EA4B418E-2AB6-4A27-8D4F-7D1CB846B789}.Debug|Any CPU.ActiveCfg = Debug|Any CPU
		{EA4B418E-2AB6-4A27-8D4F-7D1CB846B789}.Debug|Any CPU.Build.0 = Debug|Any CPU
		{EA4B418E-2AB6-4A27-8D4F-7D1CB846B789}.Release|Any CPU.ActiveCfg = Release|Any CPU
		{EA4B418E-2AB6-4A27-8D4F-7D1CB846B789}.Release|Any CPU.Build.0 = Release|Any CPU
		{9C7FA3F6-E836-4AD2-955A-6CB89CE9E305}.Debug|Any CPU.ActiveCfg = Debug|Any CPU
		{9C7FA3F6-E836-4AD2-955A-6CB89CE9E305}.Debug|Any CPU.Build.0 = Debug|Any CPU
		{9C7FA3F6-E836-4AD2-955A-6CB89CE9E305}.Release|Any CPU.ActiveCfg = Release|Any CPU
		{9C7FA3F6-E836-4AD2-955A-6CB89CE9E305}.Release|Any CPU.Build.0 = Release|Any CPU
		{99187997-9FF8-43DB-97B5-B0B38EA6B3C5}.Debug|Any CPU.ActiveCfg = Debug|Any CPU
		{99187997-9FF8-43DB-97B5-B0B38EA6B3C5}.Debug|Any CPU.Build.0 = Debug|Any CPU
		{99187997-9FF8-43DB-97B5-B0B38EA6B3C5}.Release|Any CPU.ActiveCfg = Release|Any CPU
		{99187997-9FF8-43DB-97B5-B0B38EA6B3C5}.Release|Any CPU.Build.0 = Release|Any CPU
		{3A9FDBD8-9098-42E6-87A5-E86053C4E7A3}.Debug|Any CPU.ActiveCfg = Debug|Any CPU
		{3A9FDBD8-9098-42E6-87A5-E86053C4E7A3}.Debug|Any CPU.Build.0 = Debug|Any CPU
		{3A9FDBD8-9098-42E6-87A5-E86053C4E7A3}.Release|Any CPU.ActiveCfg = Release|Any CPU
		{3A9FDBD8-9098-42E6-87A5-E86053C4E7A3}.Release|Any CPU.Build.0 = Release|Any CPU
		{034FE52A-3B6E-47E9-A8C7-AB8D046A7AB1}.Debug|Any CPU.ActiveCfg = Debug|Any CPU
		{034FE52A-3B6E-47E9-A8C7-AB8D046A7AB1}.Debug|Any CPU.Build.0 = Debug|Any CPU
		{034FE52A-3B6E-47E9-A8C7-AB8D046A7AB1}.Release|Any CPU.ActiveCfg = Release|Any CPU
		{034FE52A-3B6E-47E9-A8C7-AB8D046A7AB1}.Release|Any CPU.Build.0 = Release|Any CPU
		{25E6BCC2-7F74-47D0-9F20-8A1F5944E01B}.Debug|Any CPU.ActiveCfg = Debug|Any CPU
		{25E6BCC2-7F74-47D0-9F20-8A1F5944E01B}.Debug|Any CPU.Build.0 = Debug|Any CPU
		{25E6BCC2-7F74-47D0-9F20-8A1F5944E01B}.Release|Any CPU.ActiveCfg = Release|Any CPU
		{25E6BCC2-7F74-47D0-9F20-8A1F5944E01B}.Release|Any CPU.Build.0 = Release|Any CPU
	EndGlobalSection
	GlobalSection(SolutionProperties) = preSolution
		HideSolutionNode = FALSE
	EndGlobalSection
	GlobalSection(ExtensibilityGlobals) = postSolution
		SolutionGuid = {78BDFC88-5912-4688-96B6-90092208EAAE}
	EndGlobalSection
EndGlobal
